// !$*UTF8*$!
{
	archiveVersion = 1;
	classes = {
	};
	objectVersion = 56;
	objects = {

/* Begin PBXBuildFile section */
		E3D3AA2629927AD100F02BE4 /* AppDelegate.swift in Sources */ = {isa = PBXBuildFile; fileRef = E3D3AA2529927AD100F02BE4 /* AppDelegate.swift */; };
		E3D3AA2829927AD100F02BE4 /* SceneDelegate.swift in Sources */ = {isa = PBXBuildFile; fileRef = E3D3AA2729927AD100F02BE4 /* SceneDelegate.swift */; };
		E3D3AA2D29927AD100F02BE4 /* Main.storyboard in Resources */ = {isa = PBXBuildFile; fileRef = E3D3AA2B29927AD100F02BE4 /* Main.storyboard */; };
		E3D3AA2F29927AD600F02BE4 /* Assets.xcassets in Resources */ = {isa = PBXBuildFile; fileRef = E3D3AA2E29927AD600F02BE4 /* Assets.xcassets */; };
		E3D3AA3229927AD600F02BE4 /* LaunchScreen.storyboard in Resources */ = {isa = PBXBuildFile; fileRef = E3D3AA3029927AD600F02BE4 /* LaunchScreen.storyboard */; };
		E3D3AA3B29927BA400F02BE4 /* NewsTableViewController.swift in Sources */ = {isa = PBXBuildFile; fileRef = E3D3AA3A29927BA400F02BE4 /* NewsTableViewController.swift */; };
		E3D3AA3E299288A600F02BE4 /* Article.swift in Sources */ = {isa = PBXBuildFile; fileRef = E3D3AA3D299288A600F02BE4 /* Article.swift */; };
		E3DE1E10299289C7005CDB0D /* URLRequest+Extensions.swift in Sources */ = {isa = PBXBuildFile; fileRef = E3DE1E0F299289C7005CDB0D /* URLRequest+Extensions.swift */; };
		E3DE1E1329929065005CDB0D /* ArticleViewModel.swift in Sources */ = {isa = PBXBuildFile; fileRef = E3DE1E1229929065005CDB0D /* ArticleViewModel.swift */; };
		E3DE1E16299298B8005CDB0D /* ArticleTableViewCell.swift in Sources */ = {isa = PBXBuildFile; fileRef = E3DE1E15299298B8005CDB0D /* ArticleTableViewCell.swift */; };
		FB98CADE53956F96C18D71C6 /* Pods_NewAppMVVM.framework in Frameworks */ = {isa = PBXBuildFile; fileRef = 30958F6F675175160071C640 /* Pods_NewAppMVVM.framework */; };
/* End PBXBuildFile section */

/* Begin PBXFileReference section */
		30958F6F675175160071C640 /* Pods_NewAppMVVM.framework */ = {isa = PBXFileReference; explicitFileType = wrapper.framework; includeInIndex = 0; path = Pods_NewAppMVVM.framework; sourceTree = BUILT_PRODUCTS_DIR; };
		A9C50AB905F163BD43737FC9 /* Pods-NewAppMVVM.debug.xcconfig */ = {isa = PBXFileReference; includeInIndex = 1; lastKnownFileType = text.xcconfig; name = "Pods-NewAppMVVM.debug.xcconfig"; path = "Target Support Files/Pods-NewAppMVVM/Pods-NewAppMVVM.debug.xcconfig"; sourceTree = "<group>"; };
		D76A87F3CFC275AE8796A721 /* Pods-NewAppMVVM.release.xcconfig */ = {isa = PBXFileReference; includeInIndex = 1; lastKnownFileType = text.xcconfig; name = "Pods-NewAppMVVM.release.xcconfig"; path = "Target Support Files/Pods-NewAppMVVM/Pods-NewAppMVVM.release.xcconfig"; sourceTree = "<group>"; };
		E3D3AA2229927AD100F02BE4 /* NewAppMVVM.app */ = {isa = PBXFileReference; explicitFileType = wrapper.application; includeInIndex = 0; path = NewAppMVVM.app; sourceTree = BUILT_PRODUCTS_DIR; };
		E3D3AA2529927AD100F02BE4 /* AppDelegate.swift */ = {isa = PBXFileReference; lastKnownFileType = sourcecode.swift; path = AppDelegate.swift; sourceTree = "<group>"; };
		E3D3AA2729927AD100F02BE4 /* SceneDelegate.swift */ = {isa = PBXFileReference; lastKnownFileType = sourcecode.swift; path = SceneDelegate.swift; sourceTree = "<group>"; };
		E3D3AA2C29927AD100F02BE4 /* Base */ = {isa = PBXFileReference; lastKnownFileType = file.storyboard; name = Base; path = Base.lproj/Main.storyboard; sourceTree = "<group>"; };
		E3D3AA2E29927AD600F02BE4 /* Assets.xcassets */ = {isa = PBXFileReference; lastKnownFileType = folder.assetcatalog; path = Assets.xcassets; sourceTree = "<group>"; };
		E3D3AA3129927AD600F02BE4 /* Base */ = {isa = PBXFileReference; lastKnownFileType = file.storyboard; name = Base; path = Base.lproj/LaunchScreen.storyboard; sourceTree = "<group>"; };
		E3D3AA3329927AD600F02BE4 /* Info.plist */ = {isa = PBXFileReference; lastKnownFileType = text.plist.xml; path = Info.plist; sourceTree = "<group>"; };
		E3D3AA3A29927BA400F02BE4 /* NewsTableViewController.swift */ = {isa = PBXFileReference; lastKnownFileType = sourcecode.swift; path = NewsTableViewController.swift; sourceTree = "<group>"; };
		E3D3AA3D299288A600F02BE4 /* Article.swift */ = {isa = PBXFileReference; lastKnownFileType = sourcecode.swift; path = Article.swift; sourceTree = "<group>"; };
		E3DE1E0F299289C7005CDB0D /* URLRequest+Extensions.swift */ = {isa = PBXFileReference; lastKnownFileType = sourcecode.swift; path = "URLRequest+Extensions.swift"; sourceTree = "<group>"; };
		E3DE1E1229929065005CDB0D /* ArticleViewModel.swift */ = {isa = PBXFileReference; lastKnownFileType = sourcecode.swift; path = ArticleViewModel.swift; sourceTree = "<group>"; };
		E3DE1E15299298B8005CDB0D /* ArticleTableViewCell.swift */ = {isa = PBXFileReference; lastKnownFileType = sourcecode.swift; path = ArticleTableViewCell.swift; sourceTree = "<group>"; };
/* End PBXFileReference section */

/* Begin PBXFrameworksBuildPhase section */
		E3D3AA1F29927AD100F02BE4 /* Frameworks */ = {
			isa = PBXFrameworksBuildPhase;
			buildActionMask = 2147483647;
			files = (
				FB98CADE53956F96C18D71C6 /* Pods_NewAppMVVM.framework in Frameworks */,
			);
			runOnlyForDeploymentPostprocessing = 0;
		};
/* End PBXFrameworksBuildPhase section */

/* Begin PBXGroup section */
		10E2CFF176418CC6C0FC3320 /* Frameworks */ = {
			isa = PBXGroup;
			children = (
				30958F6F675175160071C640 /* Pods_NewAppMVVM.framework */,
			);
			name = Frameworks;
			sourceTree = "<group>";
		};
		440DBC1D97E6633B1BF095D0 /* Pods */ = {
			isa = PBXGroup;
			children = (
				A9C50AB905F163BD43737FC9 /* Pods-NewAppMVVM.debug.xcconfig */,
				D76A87F3CFC275AE8796A721 /* Pods-NewAppMVVM.release.xcconfig */,
			);
			path = Pods;
			sourceTree = "<group>";
		};
		E3D3AA1929927AD100F02BE4 = {
			isa = PBXGroup;
			children = (
				E3D3AA2429927AD100F02BE4 /* NewAppMVVM */,
				E3D3AA2329927AD100F02BE4 /* Products */,
				440DBC1D97E6633B1BF095D0 /* Pods */,
				10E2CFF176418CC6C0FC3320 /* Frameworks */,
			);
			sourceTree = "<group>";
		};
		E3D3AA2329927AD100F02BE4 /* Products */ = {
			isa = PBXGroup;
			children = (
				E3D3AA2229927AD100F02BE4 /* NewAppMVVM.app */,
			);
			name = Products;
			sourceTree = "<group>";
		};
		E3D3AA2429927AD100F02BE4 /* NewAppMVVM */ = {
			isa = PBXGroup;
			children = (
				E3DE1E14299298AB005CDB0D /* Cell */,
				E3DE1E1129929056005CDB0D /* ViewModel */,
				E3DE1E0E299289B4005CDB0D /* Extensions */,
				E3D3AA3C2992889900F02BE4 /* Models */,
				E3D3AA3929927B9700F02BE4 /* Controllers */,
				E3D3AA2529927AD100F02BE4 /* AppDelegate.swift */,
				E3D3AA2729927AD100F02BE4 /* SceneDelegate.swift */,
				E3D3AA2B29927AD100F02BE4 /* Main.storyboard */,
				E3D3AA2E29927AD600F02BE4 /* Assets.xcassets */,
				E3D3AA3029927AD600F02BE4 /* LaunchScreen.storyboard */,
				E3D3AA3329927AD600F02BE4 /* Info.plist */,
			);
			path = NewAppMVVM;
			sourceTree = "<group>";
		};
		E3D3AA3929927B9700F02BE4 /* Controllers */ = {
			isa = PBXGroup;
			children = (
				E3D3AA3A29927BA400F02BE4 /* NewsTableViewController.swift */,
			);
			name = Controllers;
			sourceTree = "<group>";
		};
		E3D3AA3C2992889900F02BE4 /* Models */ = {
			isa = PBXGroup;
			children = (
				E3D3AA3D299288A600F02BE4 /* Article.swift */,
			);
			path = Models;
			sourceTree = "<group>";
		};
		E3DE1E0E299289B4005CDB0D /* Extensions */ = {
			isa = PBXGroup;
			children = (
				E3DE1E0F299289C7005CDB0D /* URLRequest+Extensions.swift */,
			);
			name = Extensions;
			sourceTree = "<group>";
		};
		E3DE1E1129929056005CDB0D /* ViewModel */ = {
			isa = PBXGroup;
			children = (
				E3DE1E1229929065005CDB0D /* ArticleViewModel.swift */,
			);
			path = ViewModel;
			sourceTree = "<group>";
		};
		E3DE1E14299298AB005CDB0D /* Cell */ = {
			isa = PBXGroup;
			children = (
				E3DE1E15299298B8005CDB0D /* ArticleTableViewCell.swift */,
			);
			name = Cell;
			sourceTree = "<group>";
		};
/* End PBXGroup section */

/* Begin PBXNativeTarget section */
		E3D3AA2129927AD100F02BE4 /* NewAppMVVM */ = {
			isa = PBXNativeTarget;
			buildConfigurationList = E3D3AA3629927AD600F02BE4 /* Build configuration list for PBXNativeTarget "NewAppMVVM" */;
			buildPhases = (
				91575C9BFBC44976B60AB514 /* [CP] Check Pods Manifest.lock */,
				E3D3AA1E29927AD100F02BE4 /* Sources */,
				E3D3AA1F29927AD100F02BE4 /* Frameworks */,
				E3D3AA2029927AD100F02BE4 /* Resources */,
				18710C4D0180C5A860889EC7 /* [CP] Embed Pods Frameworks */,
			);
			buildRules = (
			);
			dependencies = (
			);
			name = NewAppMVVM;
			productName = NewAppMVVM;
			productReference = E3D3AA2229927AD100F02BE4 /* NewAppMVVM.app */;
			productType = "com.apple.product-type.application";
		};
/* End PBXNativeTarget section */

/* Begin PBXProject section */
		E3D3AA1A29927AD100F02BE4 /* Project object */ = {
			isa = PBXProject;
			attributes = {
				BuildIndependentTargetsInParallel = 1;
				LastSwiftUpdateCheck = 1400;
				LastUpgradeCheck = 1400;
				TargetAttributes = {
					E3D3AA2129927AD100F02BE4 = {
						CreatedOnToolsVersion = 14.0.1;
					};
				};
			};
			buildConfigurationList = E3D3AA1D29927AD100F02BE4 /* Build configuration list for PBXProject "NewAppMVVM" */;
			compatibilityVersion = "Xcode 14.0";
			developmentRegion = en;
			hasScannedForEncodings = 0;
			knownRegions = (
				en,
				Base,
			);
			mainGroup = E3D3AA1929927AD100F02BE4;
			productRefGroup = E3D3AA2329927AD100F02BE4 /* Products */;
			projectDirPath = "";
			projectRoot = "";
			targets = (
				E3D3AA2129927AD100F02BE4 /* NewAppMVVM */,
			);
		};
/* End PBXProject section */

/* Begin PBXResourcesBuildPhase section */
		E3D3AA2029927AD100F02BE4 /* Resources */ = {
			isa = PBXResourcesBuildPhase;
			buildActionMask = 2147483647;
			files = (
				E3D3AA3229927AD600F02BE4 /* LaunchScreen.storyboard in Resources */,
				E3D3AA2F29927AD600F02BE4 /* Assets.xcassets in Resources */,
				E3D3AA2D29927AD100F02BE4 /* Main.storyboard in Resources */,
			);
			runOnlyForDeploymentPostprocessing = 0;
		};
/* End PBXResourcesBuildPhase section */

/* Begin PBXShellScriptBuildPhase section */
		18710C4D0180C5A860889EC7 /* [CP] Embed Pods Frameworks */ = {
			isa = PBXShellScriptBuildPhase;
			buildActionMask = 2147483647;
			files = (
			);
			inputFileListPaths = (
				"${PODS_ROOT}/Target Support Files/Pods-NewAppMVVM/Pods-NewAppMVVM-frameworks-${CONFIGURATION}-input-files.xcfilelist",
			);
			name = "[CP] Embed Pods Frameworks";
			outputFileListPaths = (
				"${PODS_ROOT}/Target Support Files/Pods-NewAppMVVM/Pods-NewAppMVVM-frameworks-${CONFIGURATION}-output-files.xcfilelist",
			);
			runOnlyForDeploymentPostprocessing = 0;
			shellPath = /bin/sh;
			shellScript = "\"${PODS_ROOT}/Target Support Files/Pods-NewAppMVVM/Pods-NewAppMVVM-frameworks.sh\"\n";
			showEnvVarsInLog = 0;
		};
		91575C9BFBC44976B60AB514 /* [CP] Check Pods Manifest.lock */ = {
			isa = PBXShellScriptBuildPhase;
			buildActionMask = 2147483647;
			files = (
			);
			inputFileListPaths = (
			);
			inputPaths = (
				"${PODS_PODFILE_DIR_PATH}/Podfile.lock",
				"${PODS_ROOT}/Manifest.lock",
			);
			name = "[CP] Check Pods Manifest.lock";
			outputFileListPaths = (
			);
			outputPaths = (
				"$(DERIVED_FILE_DIR)/Pods-NewAppMVVM-checkManifestLockResult.txt",
			);
			runOnlyForDeploymentPostprocessing = 0;
			shellPath = /bin/sh;
			shellScript = "diff \"${PODS_PODFILE_DIR_PATH}/Podfile.lock\" \"${PODS_ROOT}/Manifest.lock\" > /dev/null\nif [ $? != 0 ] ; then\n    # print error to STDERR\n    echo \"error: The sandbox is not in sync with the Podfile.lock. Run 'pod install' or update your CocoaPods installation.\" >&2\n    exit 1\nfi\n# This output is used by Xcode 'outputs' to avoid re-running this script phase.\necho \"SUCCESS\" > \"${SCRIPT_OUTPUT_FILE_0}\"\n";
			showEnvVarsInLog = 0;
		};
/* End PBXShellScriptBuildPhase section */

/* Begin PBXSourcesBuildPhase section */
		E3D3AA1E29927AD100F02BE4 /* Sources */ = {
			isa = PBXSourcesBuildPhase;
			buildActionMask = 2147483647;
			files = (
				E3D3AA3E299288A600F02BE4 /* Article.swift in Sources */,
				E3D3AA2629927AD100F02BE4 /* AppDelegate.swift in Sources */,
				E3D3AA2829927AD100F02BE4 /* SceneDelegate.swift in Sources */,
				E3DE1E1329929065005CDB0D /* ArticleViewModel.swift in Sources */,
				E3DE1E10299289C7005CDB0D /* URLRequest+Extensions.swift in Sources */,
				E3DE1E16299298B8005CDB0D /* ArticleTableViewCell.swift in Sources */,
				E3D3AA3B29927BA400F02BE4 /* NewsTableViewController.swift in Sources */,
			);
			runOnlyForDeploymentPostprocessing = 0;
		};
/* End PBXSourcesBuildPhase section */

/* Begin PBXVariantGroup section */
		E3D3AA2B29927AD100F02BE4 /* Main.storyboard */ = {
			isa = PBXVariantGroup;
			children = (
				E3D3AA2C29927AD100F02BE4 /* Base */,
			);
			name = Main.storyboard;
			sourceTree = "<group>";
		};
		E3D3AA3029927AD600F02BE4 /* LaunchScreen.storyboard */ = {
			isa = PBXVariantGroup;
			children = (
				E3D3AA3129927AD600F02BE4 /* Base */,
			);
			name = LaunchScreen.storyboard;
			sourceTree = "<group>";
		};
/* End PBXVariantGroup section */

/* Begin XCBuildConfiguration section */
		E3D3AA3429927AD600F02BE4 /* Debug */ = {
			isa = XCBuildConfiguration;
			buildSettings = {
				ALWAYS_SEARCH_USER_PATHS = NO;
				CLANG_ANALYZER_NONNULL = YES;
				CLANG_ANALYZER_NUMBER_OBJECT_CONVERSION = YES_AGGRESSIVE;
				CLANG_CXX_LANGUAGE_STANDARD = "gnu++20";
				CLANG_ENABLE_MODULES = YES;
				CLANG_ENABLE_OBJC_ARC = YES;
				CLANG_ENABLE_OBJC_WEAK = YES;
				CLANG_WARN_BLOCK_CAPTURE_AUTORELEASING = YES;
				CLANG_WARN_BOOL_CONVERSION = YES;
				CLANG_WARN_COMMA = YES;
				CLANG_WARN_CONSTANT_CONVERSION = YES;
				CLANG_WARN_DEPRECATED_OBJC_IMPLEMENTATIONS = YES;
				CLANG_WARN_DIRECT_OBJC_ISA_USAGE = YES_ERROR;
				CLANG_WARN_DOCUMENTATION_COMMENTS = YES;
				CLANG_WARN_EMPTY_BODY = YES;
				CLANG_WARN_ENUM_CONVERSION = YES;
				CLANG_WARN_INFINITE_RECURSION = YES;
				CLANG_WARN_INT_CONVERSION = YES;
				CLANG_WARN_NON_LITERAL_NULL_CONVERSION = YES;
				CLANG_WARN_OBJC_IMPLICIT_RETAIN_SELF = YES;
				CLANG_WARN_OBJC_LITERAL_CONVERSION = YES;
				CLANG_WARN_OBJC_ROOT_CLASS = YES_ERROR;
				CLANG_WARN_QUOTED_INCLUDE_IN_FRAMEWORK_HEADER = YES;
				CLANG_WARN_RANGE_LOOP_ANALYSIS = YES;
				CLANG_WARN_STRICT_PROTOTYPES = YES;
				CLANG_WARN_SUSPICIOUS_MOVE = YES;
				CLANG_WARN_UNGUARDED_AVAILABILITY = YES_AGGRESSIVE;
				CLANG_WARN_UNREACHABLE_CODE = YES;
				CLANG_WARN__DUPLICATE_METHOD_MATCH = YES;
				COPY_PHASE_STRIP = NO;
				DEBUG_INFORMATION_FORMAT = dwarf;
				ENABLE_STRICT_OBJC_MSGSEND = YES;
				ENABLE_TESTABILITY = YES;
				GCC_C_LANGUAGE_STANDARD = gnu11;
				GCC_DYNAMIC_NO_PIC = NO;
				GCC_NO_COMMON_BLOCKS = YES;
				GCC_OPTIMIZATION_LEVEL = 0;
				GCC_PREPROCESSOR_DEFINITIONS = (
					"DEBUG=1",
					"$(inherited)",
				);
				GCC_WARN_64_TO_32_BIT_CONVERSION = YES;
				GCC_WARN_ABOUT_RETURN_TYPE = YES_ERROR;
				GCC_WARN_UNDECLARED_SELECTOR = YES;
				GCC_WARN_UNINITIALIZED_AUTOS = YES_AGGRESSIVE;
				GCC_WARN_UNUSED_FUNCTION = YES;
				GCC_WARN_UNUSED_VARIABLE = YES;
				IPHONEOS_DEPLOYMENT_TARGET = 16.0;
				MTL_ENABLE_DEBUG_INFO = INCLUDE_SOURCE;
				MTL_FAST_MATH = YES;
				ONLY_ACTIVE_ARCH = YES;
				SDKROOT = iphoneos;
				SWIFT_ACTIVE_COMPILATION_CONDITIONS = DEBUG;
				SWIFT_OPTIMIZATION_LEVEL = "-Onone";
			};
			name = Debug;
		};
		E3D3AA3529927AD600F02BE4 /* Release */ = {
			isa = XCBuildConfiguration;
			buildSettings = {
				ALWAYS_SEARCH_USER_PATHS = NO;
				CLANG_ANALYZER_NONNULL = YES;
				CLANG_ANALYZER_NUMBER_OBJECT_CONVERSION = YES_AGGRESSIVE;
				CLANG_CXX_LANGUAGE_STANDARD = "gnu++20";
				CLANG_ENABLE_MODULES = YES;
				CLANG_ENABLE_OBJC_ARC = YES;
				CLANG_ENABLE_OBJC_WEAK = YES;
				CLANG_WARN_BLOCK_CAPTURE_AUTORELEASING = YES;
				CLANG_WARN_BOOL_CONVERSION = YES;
				CLANG_WARN_COMMA = YES;
				CLANG_WARN_CONSTANT_CONVERSION = YES;
				CLANG_WARN_DEPRECATED_OBJC_IMPLEMENTATIONS = YES;
				CLANG_WARN_DIRECT_OBJC_ISA_USAGE = YES_ERROR;
				CLANG_WARN_DOCUMENTATION_COMMENTS = YES;
				CLANG_WARN_EMPTY_BODY = YES;
				CLANG_WARN_ENUM_CONVERSION = YES;
				CLANG_WARN_INFINITE_RECURSION = YES;
				CLANG_WARN_INT_CONVERSION = YES;
				CLANG_WARN_NON_LITERAL_NULL_CONVERSION = YES;
				CLANG_WARN_OBJC_IMPLICIT_RETAIN_SELF = YES;
				CLANG_WARN_OBJC_LITERAL_CONVERSION = YES;
				CLANG_WARN_OBJC_ROOT_CLASS = YES_ERROR;
				CLANG_WARN_QUOTED_INCLUDE_IN_FRAMEWORK_HEADER = YES;
				CLANG_WARN_RANGE_LOOP_ANALYSIS = YES;
				CLANG_WARN_STRICT_PROTOTYPES = YES;
				CLANG_WARN_SUSPICIOUS_MOVE = YES;
				CLANG_WARN_UNGUARDED_AVAILABILITY = YES_AGGRESSIVE;
				CLANG_WARN_UNREACHABLE_CODE = YES;
				CLANG_WARN__DUPLICATE_METHOD_MATCH = YES;
				COPY_PHASE_STRIP = NO;
				DEBUG_INFORMATION_FORMAT = "dwarf-with-dsym";
				ENABLE_NS_ASSERTIONS = NO;
				ENABLE_STRICT_OBJC_MSGSEND = YES;
				GCC_C_LANGUAGE_STANDARD = gnu11;
				GCC_NO_COMMON_BLOCKS = YES;
				GCC_WARN_64_TO_32_BIT_CONVERSION = YES;
				GCC_WARN_ABOUT_RETURN_TYPE = YES_ERROR;
				GCC_WARN_UNDECLARED_SELECTOR = YES;
				GCC_WARN_UNINITIALIZED_AUTOS = YES_AGGRESSIVE;
				GCC_WARN_UNUSED_FUNCTION = YES;
				GCC_WARN_UNUSED_VARIABLE = YES;
				IPHONEOS_DEPLOYMENT_TARGET = 16.0;
				MTL_ENABLE_DEBUG_INFO = NO;
				MTL_FAST_MATH = YES;
				SDKROOT = iphoneos;
				SWIFT_COMPILATION_MODE = wholemodule;
				SWIFT_OPTIMIZATION_LEVEL = "-O";
				VALIDATE_PRODUCT = YES;
			};
			name = Release;
		};
		E3D3AA3729927AD600F02BE4 /* Debug */ = {
			isa = XCBuildConfiguration;
			baseConfigurationReference = A9C50AB905F163BD43737FC9 /* Pods-NewAppMVVM.debug.xcconfig */;
			buildSettings = {
				ASSETCATALOG_COMPILER_APPICON_NAME = AppIcon;
				ASSETCATALOG_COMPILER_GLOBAL_ACCENT_COLOR_NAME = AccentColor;
				CODE_SIGN_STYLE = Automatic;
				CURRENT_PROJECT_VERSION = 1;
				GENERATE_INFOPLIST_FILE = YES;
				INFOPLIST_FILE = NewAppMVVM/Info.plist;
				INFOPLIST_KEY_UIApplicationSupportsIndirectInputEvents = YES;
				INFOPLIST_KEY_UILaunchStoryboardName = LaunchScreen;
				INFOPLIST_KEY_UIMainStoryboardFile = Main;
				INFOPLIST_KEY_UISupportedInterfaceOrientations_iPad = "UIInterfaceOrientationPortrait UIInterfaceOrientationPortraitUpsideDown UIInterfaceOrientationLandscapeLeft UIInterfaceOrientationLandscapeRight";
				INFOPLIST_KEY_UISupportedInterfaceOrientations_iPhone = "UIInterfaceOrientationPortrait UIInterfaceOrientationLandscapeLeft UIInterfaceOrientationLandscapeRight";
				LD_RUNPATH_SEARCH_PATHS = (
					"$(inherited)",
					"@executable_path/Frameworks",
				);
				MARKETING_VERSION = 1.0;
				PRODUCT_BUNDLE_IDENTIFIER = raul.santos.NewAppMVVM;
				PRODUCT_NAME = "$(TARGET_NAME)";
				SWIFT_EMIT_LOC_STRINGS = YES;
				SWIFT_VERSION = 5.0;
				TARGETED_DEVICE_FAMILY = "1,2";
			};
			name = Debug;
		};
		E3D3AA3829927AD600F02BE4 /* Release */ = {
			isa = XCBuildConfiguration;
			baseConfigurationReference = D76A87F3CFC275AE8796A721 /* Pods-NewAppMVVM.release.xcconfig */;
			buildSettings = {
				ASSETCATALOG_COMPILER_APPICON_NAME = AppIcon;
				ASSETCATALOG_COMPILER_GLOBAL_ACCENT_COLOR_NAME = AccentColor;
				CODE_SIGN_STYLE = Automatic;
				CURRENT_PROJECT_VERSION = 1;
				GENERATE_INFOPLIST_FILE = YES;
				INFOPLIST_FILE = NewAppMVVM/Info.plist;
				INFOPLIST_KEY_UIApplicationSupportsIndirectInputEvents = YES;
				INFOPLIST_KEY_UILaunchStoryboardName = LaunchScreen;
				INFOPLIST_KEY_UIMainStoryboardFile = Main;
				INFOPLIST_KEY_UISupportedInterfaceOrientations_iPad = "UIInterfaceOrientationPortrait UIInterfaceOrientationPortraitUpsideDown UIInterfaceOrientationLandscapeLeft UIInterfaceOrientationLandscapeRight";
				INFOPLIST_KEY_UISupportedInterfaceOrientations_iPhone = "UIInterfaceOrientationPortrait UIInterfaceOrientationLandscapeLeft UIInterfaceOrientationLandscapeRight";
				LD_RUNPATH_SEARCH_PATHS = (
					"$(inherited)",
					"@executable_path/Frameworks",
				);
				MARKETING_VERSION = 1.0;
				PRODUCT_BUNDLE_IDENTIFIER = raul.santos.NewAppMVVM;
				PRODUCT_NAME = "$(TARGET_NAME)";
				SWIFT_EMIT_LOC_STRINGS = YES;
				SWIFT_VERSION = 5.0;
				TARGETED_DEVICE_FAMILY = "1,2";
			};
			name = Release;
		};
/* End XCBuildConfiguration section */

/* Begin XCConfigurationList section */
		E3D3AA1D29927AD100F02BE4 /* Build configuration list for PBXProject "NewAppMVVM" */ = {
			isa = XCConfigurationList;
			buildConfigurations = (
				E3D3AA3429927AD600F02BE4 /* Debug */,
				E3D3AA3529927AD600F02BE4 /* Release */,
			);
			defaultConfigurationIsVisible = 0;
			defaultConfigurationName = Release;
		};
		E3D3AA3629927AD600F02BE4 /* Build configuration list for PBXNativeTarget "NewAppMVVM" */ = {
			isa = XCConfigurationList;
			buildConfigurations = (
				E3D3AA3729927AD600F02BE4 /* Debug */,
				E3D3AA3829927AD600F02BE4 /* Release */,
			);
			defaultConfigurationIsVisible = 0;
			defaultConfigurationName = Release;
		};
/* End XCConfigurationList section */
	};
	rootObject = E3D3AA1A29927AD100F02BE4 /* Project object */;
}
